
Microsoft Visual Studio Solution File, Format Version 12.00
# Visual Studio Version 16
VisualStudioVersion = 16.0.28729.10
MinimumVisualStudioVersion = 10.0.40219.1
Project("{FAE04EC0-301F-11D3-BF4B-00C04F79EFBC}") = "D328.WPF", "D328.WPF\D328.WPF.csproj", "{D897BBF4-38FF-406C-8E00-B5088D3F6C9A}"
EndProject
Project("{9A19103F-16F7-4668-BE54-9A1E7A4F7556}") = "D328.Domain", "D328.Domain\D328.Domain.csproj", "{D5289ABD-BF34-43D3-879D-914BA0113E86}"
EndProject
Project("{9A19103F-16F7-4668-BE54-9A1E7A4F7556}") = "D328.WPF.Test", "D328.WPF.Test\D328.WPF.Test.csproj", "{22460667-1FC5-4E97-AE8E-219247613804}"
EndProject
Project("{9A19103F-16F7-4668-BE54-9A1E7A4F7556}") = "D328.Repository", "D328.Repository\D328.Repository.csproj", "{A0880271-258C-4112-8B33-F0F6B6ED44F8}"
EndProject
Project("{9A19103F-16F7-4668-BE54-9A1E7A4F7556}") = "D328.Application", "D328.Application\D328.Application.csproj", "{DB342745-C816-4EBF-B91A-3F6EA91EA209}"
EndProject
Project("{2150E333-8FDC-42A3-9474-1A3956D46DE8}") = "Infrastructure", "Infrastructure", "{1CD72F30-EC78-4F6D-B33F-A6833B5F73FB}"
EndProject
Project("{FAE04EC0-301F-11D3-BF4B-00C04F79EFBC}") = "D328.Audio.Windows", "D328.Audio.Windows\D328.Audio.Windows.csproj", "{0DAEEA0F-21A8-414D-A8B6-6666D2F46762}"
EndProject
Global
	GlobalSection(SolutionConfigurationPlatforms) = preSolution
		Debug|Any CPU = Debug|Any CPU
		Release|Any CPU = Release|Any CPU
	EndGlobalSection
	GlobalSection(ProjectConfigurationPlatforms) = postSolution
		{D897BBF4-38FF-406C-8E00-B5088D3F6C9A}.Debug|Any CPU.ActiveCfg = Debug|Any CPU
		{D897BBF4-38FF-406C-8E00-B5088D3F6C9A}.Debug|Any CPU.Build.0 = Debug|Any CPU
		{D897BBF4-38FF-406C-8E00-B5088D3F6C9A}.Release|Any CPU.ActiveCfg = Release|Any CPU
		{D897BBF4-38FF-406C-8E00-B5088D3F6C9A}.Release|Any CPU.Build.0 = Release|Any CPU
		{D5289ABD-BF34-43D3-879D-914BA0113E86}.Debug|Any CPU.ActiveCfg = Debug|Any CPU
		{D5289ABD-BF34-43D3-879D-914BA0113E86}.Debug|Any CPU.Build.0 = Debug|Any CPU
		{D5289ABD-BF34-43D3-879D-914BA0113E86}.Release|Any CPU.ActiveCfg = Release|Any CPU
		{D5289ABD-BF34-43D3-879D-914BA0113E86}.Release|Any CPU.Build.0 = Release|Any CPU
		{22460667-1FC5-4E97-AE8E-219247613804}.Debug|Any CPU.ActiveCfg = Debug|Any CPU
		{22460667-1FC5-4E97-AE8E-219247613804}.Debug|Any CPU.Build.0 = Debug|Any CPU
		{22460667-1FC5-4E97-AE8E-219247613804}.Release|Any CPU.ActiveCfg = Release|Any CPU
		{22460667-1FC5-4E97-AE8E-219247613804}.Release|Any CPU.Build.0 = Release|Any CPU
		{A0880271-258C-4112-8B33-F0F6B6ED44F8}.Debug|Any CPU.ActiveCfg = Debug|Any CPU
		{A0880271-258C-4112-8B33-F0F6B6ED44F8}.Debug|Any CPU.Build.0 = Debug|Any CPU
		{A0880271-258C-4112-8B33-F0F6B6ED44F8}.Release|Any CPU.ActiveCfg = Release|Any CPU
		{A0880271-258C-4112-8B33-F0F6B6ED44F8}.Release|Any CPU.Build.0 = Release|Any CPU
		{DB342745-C816-4EBF-B91A-3F6EA91EA209}.Debug|Any CPU.ActiveCfg = Debug|Any CPU
		{DB342745-C816-4EBF-B91A-3F6EA91EA209}.Debug|Any CPU.Build.0 = Debug|Any CPU
		{DB342745-C816-4EBF-B91A-3F6EA91EA209}.Release|Any CPU.ActiveCfg = Release|Any CPU
		{DB342745-C816-4EBF-B91A-3F6EA91EA209}.Release|Any CPU.Build.0 = Release|Any CPU
		{0DAEEA0F-21A8-414D-A8B6-6666D2F46762}.Debug|Any CPU.ActiveCfg = Debug|Any CPU
		{0DAEEA0F-21A8-414D-A8B6-6666D2F46762}.Debug|Any CPU.Build.0 = Debug|Any CPU
		{0DAEEA0F-21A8-414D-A8B6-6666D2F46762}.Release|Any CPU.ActiveCfg = Release|Any CPU
		{0DAEEA0F-21A8-414D-A8B6-6666D2F46762}.Release|Any CPU.Build.0 = Release|Any CPU
	EndGlobalSection
	GlobalSection(SolutionProperties) = preSolution
		HideSolutionNode = FALSE
	EndGlobalSection
	GlobalSection(NestedProjects) = preSolution
		{A0880271-258C-4112-8B33-F0F6B6ED44F8} = {1CD72F30-EC78-4F6D-B33F-A6833B5F73FB}
		{0DAEEA0F-21A8-414D-A8B6-6666D2F46762} = {1CD72F30-EC78-4F6D-B33F-A6833B5F73FB}
	EndGlobalSection
	GlobalSection(ExtensibilityGlobals) = postSolution
		SolutionGuid = {EB026491-AF19-441A-BDC7-24FFD346C5E3}
	EndGlobalSection
EndGlobal
