
Microsoft Visual Studio Solution File, Format Version 12.00
# Visual Studio Version 16
VisualStudioVersion = 16.0.29806.167
MinimumVisualStudioVersion = 10.0.40219.1
Project("{9A19103F-16F7-4668-BE54-9A1E7A4F7556}") = "D328.Presentation", "D328.Presentation\D328.Presentation.csproj", "{98FDCAD2-348F-44D5-8812-006CC824BD1C}"
EndProject
Project("{9A19103F-16F7-4668-BE54-9A1E7A4F7556}") = "D328.MultiRecording", "D328.MultiRecording\D328.MultiRecording.csproj", "{DA25E16C-3FD3-41B6-AFE2-793CF965BA25}"
EndProject
Project("{9A19103F-16F7-4668-BE54-9A1E7A4F7556}") = "D328.DI", "D328.DI\D328.DI.csproj", "{1BA95F0B-681C-4ACB-931B-57CCAC71A3DD}"
EndProject
Global
	GlobalSection(SolutionConfigurationPlatforms) = preSolution
		Debug|Any CPU = Debug|Any CPU
		Debug|x64 = Debug|x64
		Debug|x86 = Debug|x86
		Release|Any CPU = Release|Any CPU
		Release|x64 = Release|x64
		Release|x86 = Release|x86
	EndGlobalSection
	GlobalSection(ProjectConfigurationPlatforms) = postSolution
		{98FDCAD2-348F-44D5-8812-006CC824BD1C}.Debug|Any CPU.ActiveCfg = Debug|Any CPU
		{98FDCAD2-348F-44D5-8812-006CC824BD1C}.Debug|Any CPU.Build.0 = Debug|Any CPU
		{98FDCAD2-348F-44D5-8812-006CC824BD1C}.Debug|x64.ActiveCfg = Debug|x64
		{98FDCAD2-348F-44D5-8812-006CC824BD1C}.Debug|x64.Build.0 = Debug|x64
		{98FDCAD2-348F-44D5-8812-006CC824BD1C}.Debug|x86.ActiveCfg = Debug|x86
		{98FDCAD2-348F-44D5-8812-006CC824BD1C}.Debug|x86.Build.0 = Debug|x86
		{98FDCAD2-348F-44D5-8812-006CC824BD1C}.Release|Any CPU.ActiveCfg = Release|Any CPU
		{98FDCAD2-348F-44D5-8812-006CC824BD1C}.Release|Any CPU.Build.0 = Release|Any CPU
		{98FDCAD2-348F-44D5-8812-006CC824BD1C}.Release|x64.ActiveCfg = Release|x64
		{98FDCAD2-348F-44D5-8812-006CC824BD1C}.Release|x64.Build.0 = Release|x64
		{98FDCAD2-348F-44D5-8812-006CC824BD1C}.Release|x86.ActiveCfg = Release|x86
		{98FDCAD2-348F-44D5-8812-006CC824BD1C}.Release|x86.Build.0 = Release|x86
		{DA25E16C-3FD3-41B6-AFE2-793CF965BA25}.Debug|Any CPU.ActiveCfg = Debug|Any CPU
		{DA25E16C-3FD3-41B6-AFE2-793CF965BA25}.Debug|Any CPU.Build.0 = Debug|Any CPU
		{DA25E16C-3FD3-41B6-AFE2-793CF965BA25}.Debug|x64.ActiveCfg = Debug|x64
		{DA25E16C-3FD3-41B6-AFE2-793CF965BA25}.Debug|x64.Build.0 = Debug|x64
		{DA25E16C-3FD3-41B6-AFE2-793CF965BA25}.Debug|x86.ActiveCfg = Debug|x86
		{DA25E16C-3FD3-41B6-AFE2-793CF965BA25}.Debug|x86.Build.0 = Debug|x86
		{DA25E16C-3FD3-41B6-AFE2-793CF965BA25}.Release|Any CPU.ActiveCfg = Release|Any CPU
		{DA25E16C-3FD3-41B6-AFE2-793CF965BA25}.Release|Any CPU.Build.0 = Release|Any CPU
		{DA25E16C-3FD3-41B6-AFE2-793CF965BA25}.Release|x64.ActiveCfg = Release|x64
		{DA25E16C-3FD3-41B6-AFE2-793CF965BA25}.Release|x64.Build.0 = Release|x64
		{DA25E16C-3FD3-41B6-AFE2-793CF965BA25}.Release|x86.ActiveCfg = Release|x86
		{DA25E16C-3FD3-41B6-AFE2-793CF965BA25}.Release|x86.Build.0 = Release|x86
		{1BA95F0B-681C-4ACB-931B-57CCAC71A3DD}.Debug|Any CPU.ActiveCfg = Debug|Any CPU
		{1BA95F0B-681C-4ACB-931B-57CCAC71A3DD}.Debug|Any CPU.Build.0 = Debug|Any CPU
		{1BA95F0B-681C-4ACB-931B-57CCAC71A3DD}.Debug|x64.ActiveCfg = Debug|x64
		{1BA95F0B-681C-4ACB-931B-57CCAC71A3DD}.Debug|x64.Build.0 = Debug|x64
		{1BA95F0B-681C-4ACB-931B-57CCAC71A3DD}.Debug|x86.ActiveCfg = Debug|x86
		{1BA95F0B-681C-4ACB-931B-57CCAC71A3DD}.Debug|x86.Build.0 = Debug|x86
		{1BA95F0B-681C-4ACB-931B-57CCAC71A3DD}.Release|Any CPU.ActiveCfg = Release|Any CPU
		{1BA95F0B-681C-4ACB-931B-57CCAC71A3DD}.Release|Any CPU.Build.0 = Release|Any CPU
		{1BA95F0B-681C-4ACB-931B-57CCAC71A3DD}.Release|x64.ActiveCfg = Release|x64
		{1BA95F0B-681C-4ACB-931B-57CCAC71A3DD}.Release|x64.Build.0 = Release|x64
		{1BA95F0B-681C-4ACB-931B-57CCAC71A3DD}.Release|x86.ActiveCfg = Release|x86
		{1BA95F0B-681C-4ACB-931B-57CCAC71A3DD}.Release|x86.Build.0 = Release|x86
	EndGlobalSection
	GlobalSection(SolutionProperties) = preSolution
		HideSolutionNode = FALSE
	EndGlobalSection
	GlobalSection(ExtensibilityGlobals) = postSolution
		SolutionGuid = {E95FAE5B-52E3-42FA-B40F-B916DFB0507B}
	EndGlobalSection
EndGlobal
