
Microsoft Visual Studio Solution File, Format Version 12.00
# Visual Studio Version 16
VisualStudioVersion = 16.0.28922.388
MinimumVisualStudioVersion = 10.0.40219.1
Project("{FAE04EC0-301F-11D3-BF4B-00C04F79EFBC}") = "D328.UWP", "D328.UWP\D328.UWP.csproj", "{308F9645-4D22-4B3F-A303-4835CBBA563D}"
EndProject
Project("{9A19103F-16F7-4668-BE54-9A1E7A4F7556}") = "D328.Application", "D328.Application\D328.Application.csproj", "{F35A7E8A-9983-44F8-BDE6-F9C486A3B2DA}"
EndProject
Project("{9A19103F-16F7-4668-BE54-9A1E7A4F7556}") = "D328.Repository", "D328.Repository\D328.Repository.csproj", "{3B1E2B28-F77D-4AD4-8EF3-C47F103AD9B1}"
EndProject
Project("{9A19103F-16F7-4668-BE54-9A1E7A4F7556}") = "D328.Domain", "D328.Domain\D328.Domain.csproj", "{5DA4CE6C-DE76-4007-81B4-4D9251B99A7C}"
EndProject
Project("{9A19103F-16F7-4668-BE54-9A1E7A4F7556}") = "D328.Domain.Test", "D328.Domain.Test\D328.Domain.Test.csproj", "{8F6901EB-D023-4BF4-BD09-983F1C8C2C38}"
EndProject
Project("{2150E333-8FDC-42A3-9474-1A3956D46DE8}") = "Infrastructure", "Infrastructure", "{506EDC14-C469-42BE-A99A-F272169F9E63}"
EndProject
Project("{2150E333-8FDC-42A3-9474-1A3956D46DE8}") = "Tests", "Tests", "{54C17E21-2943-493E-AF88-D925BBB53A31}"
EndProject
Project("{FAE04EC0-301F-11D3-BF4B-00C04F79EFBC}") = "D328.Audio.UWP", "D328.Audio.UWP\D328.Audio.UWP.csproj", "{A235EA10-D6B2-4BE2-AFDB-2BDCF2ED47E1}"
EndProject
Global
	GlobalSection(SolutionConfigurationPlatforms) = preSolution
		Debug|Any CPU = Debug|Any CPU
		Debug|ARM = Debug|ARM
		Debug|ARM64 = Debug|ARM64
		Debug|x64 = Debug|x64
		Debug|x86 = Debug|x86
		Release|Any CPU = Release|Any CPU
		Release|ARM = Release|ARM
		Release|ARM64 = Release|ARM64
		Release|x64 = Release|x64
		Release|x86 = Release|x86
	EndGlobalSection
	GlobalSection(ProjectConfigurationPlatforms) = postSolution
		{308F9645-4D22-4B3F-A303-4835CBBA563D}.Debug|Any CPU.ActiveCfg = Debug|x86
		{308F9645-4D22-4B3F-A303-4835CBBA563D}.Debug|ARM.ActiveCfg = Debug|ARM
		{308F9645-4D22-4B3F-A303-4835CBBA563D}.Debug|ARM.Build.0 = Debug|ARM
		{308F9645-4D22-4B3F-A303-4835CBBA563D}.Debug|ARM.Deploy.0 = Debug|ARM
		{308F9645-4D22-4B3F-A303-4835CBBA563D}.Debug|ARM64.ActiveCfg = Debug|ARM64
		{308F9645-4D22-4B3F-A303-4835CBBA563D}.Debug|ARM64.Build.0 = Debug|ARM64
		{308F9645-4D22-4B3F-A303-4835CBBA563D}.Debug|ARM64.Deploy.0 = Debug|ARM64
		{308F9645-4D22-4B3F-A303-4835CBBA563D}.Debug|x64.ActiveCfg = Debug|x64
		{308F9645-4D22-4B3F-A303-4835CBBA563D}.Debug|x64.Build.0 = Debug|x64
		{308F9645-4D22-4B3F-A303-4835CBBA563D}.Debug|x64.Deploy.0 = Debug|x64
		{308F9645-4D22-4B3F-A303-4835CBBA563D}.Debug|x86.ActiveCfg = Debug|x86
		{308F9645-4D22-4B3F-A303-4835CBBA563D}.Debug|x86.Build.0 = Debug|x86
		{308F9645-4D22-4B3F-A303-4835CBBA563D}.Debug|x86.Deploy.0 = Debug|x86
		{308F9645-4D22-4B3F-A303-4835CBBA563D}.Release|Any CPU.ActiveCfg = Release|x86
		{308F9645-4D22-4B3F-A303-4835CBBA563D}.Release|ARM.ActiveCfg = Release|ARM
		{308F9645-4D22-4B3F-A303-4835CBBA563D}.Release|ARM.Build.0 = Release|ARM
		{308F9645-4D22-4B3F-A303-4835CBBA563D}.Release|ARM.Deploy.0 = Release|ARM
		{308F9645-4D22-4B3F-A303-4835CBBA563D}.Release|ARM64.ActiveCfg = Release|ARM64
		{308F9645-4D22-4B3F-A303-4835CBBA563D}.Release|ARM64.Build.0 = Release|ARM64
		{308F9645-4D22-4B3F-A303-4835CBBA563D}.Release|ARM64.Deploy.0 = Release|ARM64
		{308F9645-4D22-4B3F-A303-4835CBBA563D}.Release|x64.ActiveCfg = Release|x64
		{308F9645-4D22-4B3F-A303-4835CBBA563D}.Release|x64.Build.0 = Release|x64
		{308F9645-4D22-4B3F-A303-4835CBBA563D}.Release|x64.Deploy.0 = Release|x64
		{308F9645-4D22-4B3F-A303-4835CBBA563D}.Release|x86.ActiveCfg = Release|x86
		{308F9645-4D22-4B3F-A303-4835CBBA563D}.Release|x86.Build.0 = Release|x86
		{308F9645-4D22-4B3F-A303-4835CBBA563D}.Release|x86.Deploy.0 = Release|x86
		{F35A7E8A-9983-44F8-BDE6-F9C486A3B2DA}.Debug|Any CPU.ActiveCfg = Debug|Any CPU
		{F35A7E8A-9983-44F8-BDE6-F9C486A3B2DA}.Debug|Any CPU.Build.0 = Debug|Any CPU
		{F35A7E8A-9983-44F8-BDE6-F9C486A3B2DA}.Debug|ARM.ActiveCfg = Debug|Any CPU
		{F35A7E8A-9983-44F8-BDE6-F9C486A3B2DA}.Debug|ARM.Build.0 = Debug|Any CPU
		{F35A7E8A-9983-44F8-BDE6-F9C486A3B2DA}.Debug|ARM64.ActiveCfg = Debug|Any CPU
		{F35A7E8A-9983-44F8-BDE6-F9C486A3B2DA}.Debug|ARM64.Build.0 = Debug|Any CPU
		{F35A7E8A-9983-44F8-BDE6-F9C486A3B2DA}.Debug|x64.ActiveCfg = Debug|Any CPU
		{F35A7E8A-9983-44F8-BDE6-F9C486A3B2DA}.Debug|x64.Build.0 = Debug|Any CPU
		{F35A7E8A-9983-44F8-BDE6-F9C486A3B2DA}.Debug|x86.ActiveCfg = Debug|Any CPU
		{F35A7E8A-9983-44F8-BDE6-F9C486A3B2DA}.Debug|x86.Build.0 = Debug|Any CPU
		{F35A7E8A-9983-44F8-BDE6-F9C486A3B2DA}.Release|Any CPU.ActiveCfg = Release|Any CPU
		{F35A7E8A-9983-44F8-BDE6-F9C486A3B2DA}.Release|Any CPU.Build.0 = Release|Any CPU
		{F35A7E8A-9983-44F8-BDE6-F9C486A3B2DA}.Release|ARM.ActiveCfg = Release|Any CPU
		{F35A7E8A-9983-44F8-BDE6-F9C486A3B2DA}.Release|ARM.Build.0 = Release|Any CPU
		{F35A7E8A-9983-44F8-BDE6-F9C486A3B2DA}.Release|ARM64.ActiveCfg = Release|Any CPU
		{F35A7E8A-9983-44F8-BDE6-F9C486A3B2DA}.Release|ARM64.Build.0 = Release|Any CPU
		{F35A7E8A-9983-44F8-BDE6-F9C486A3B2DA}.Release|x64.ActiveCfg = Release|Any CPU
		{F35A7E8A-9983-44F8-BDE6-F9C486A3B2DA}.Release|x64.Build.0 = Release|Any CPU
		{F35A7E8A-9983-44F8-BDE6-F9C486A3B2DA}.Release|x86.ActiveCfg = Release|Any CPU
		{F35A7E8A-9983-44F8-BDE6-F9C486A3B2DA}.Release|x86.Build.0 = Release|Any CPU
		{3B1E2B28-F77D-4AD4-8EF3-C47F103AD9B1}.Debug|Any CPU.ActiveCfg = Debug|Any CPU
		{3B1E2B28-F77D-4AD4-8EF3-C47F103AD9B1}.Debug|Any CPU.Build.0 = Debug|Any CPU
		{3B1E2B28-F77D-4AD4-8EF3-C47F103AD9B1}.Debug|ARM.ActiveCfg = Debug|Any CPU
		{3B1E2B28-F77D-4AD4-8EF3-C47F103AD9B1}.Debug|ARM.Build.0 = Debug|Any CPU
		{3B1E2B28-F77D-4AD4-8EF3-C47F103AD9B1}.Debug|ARM64.ActiveCfg = Debug|Any CPU
		{3B1E2B28-F77D-4AD4-8EF3-C47F103AD9B1}.Debug|ARM64.Build.0 = Debug|Any CPU
		{3B1E2B28-F77D-4AD4-8EF3-C47F103AD9B1}.Debug|x64.ActiveCfg = Debug|Any CPU
		{3B1E2B28-F77D-4AD4-8EF3-C47F103AD9B1}.Debug|x64.Build.0 = Debug|Any CPU
		{3B1E2B28-F77D-4AD4-8EF3-C47F103AD9B1}.Debug|x86.ActiveCfg = Debug|Any CPU
		{3B1E2B28-F77D-4AD4-8EF3-C47F103AD9B1}.Debug|x86.Build.0 = Debug|Any CPU
		{3B1E2B28-F77D-4AD4-8EF3-C47F103AD9B1}.Release|Any CPU.ActiveCfg = Release|Any CPU
		{3B1E2B28-F77D-4AD4-8EF3-C47F103AD9B1}.Release|Any CPU.Build.0 = Release|Any CPU
		{3B1E2B28-F77D-4AD4-8EF3-C47F103AD9B1}.Release|ARM.ActiveCfg = Release|Any CPU
		{3B1E2B28-F77D-4AD4-8EF3-C47F103AD9B1}.Release|ARM.Build.0 = Release|Any CPU
		{3B1E2B28-F77D-4AD4-8EF3-C47F103AD9B1}.Release|ARM64.ActiveCfg = Release|Any CPU
		{3B1E2B28-F77D-4AD4-8EF3-C47F103AD9B1}.Release|ARM64.Build.0 = Release|Any CPU
		{3B1E2B28-F77D-4AD4-8EF3-C47F103AD9B1}.Release|x64.ActiveCfg = Release|Any CPU
		{3B1E2B28-F77D-4AD4-8EF3-C47F103AD9B1}.Release|x64.Build.0 = Release|Any CPU
		{3B1E2B28-F77D-4AD4-8EF3-C47F103AD9B1}.Release|x86.ActiveCfg = Release|Any CPU
		{3B1E2B28-F77D-4AD4-8EF3-C47F103AD9B1}.Release|x86.Build.0 = Release|Any CPU
		{5DA4CE6C-DE76-4007-81B4-4D9251B99A7C}.Debug|Any CPU.ActiveCfg = Debug|Any CPU
		{5DA4CE6C-DE76-4007-81B4-4D9251B99A7C}.Debug|Any CPU.Build.0 = Debug|Any CPU
		{5DA4CE6C-DE76-4007-81B4-4D9251B99A7C}.Debug|ARM.ActiveCfg = Debug|Any CPU
		{5DA4CE6C-DE76-4007-81B4-4D9251B99A7C}.Debug|ARM.Build.0 = Debug|Any CPU
		{5DA4CE6C-DE76-4007-81B4-4D9251B99A7C}.Debug|ARM64.ActiveCfg = Debug|Any CPU
		{5DA4CE6C-DE76-4007-81B4-4D9251B99A7C}.Debug|ARM64.Build.0 = Debug|Any CPU
		{5DA4CE6C-DE76-4007-81B4-4D9251B99A7C}.Debug|x64.ActiveCfg = Debug|Any CPU
		{5DA4CE6C-DE76-4007-81B4-4D9251B99A7C}.Debug|x64.Build.0 = Debug|Any CPU
		{5DA4CE6C-DE76-4007-81B4-4D9251B99A7C}.Debug|x86.ActiveCfg = Debug|Any CPU
		{5DA4CE6C-DE76-4007-81B4-4D9251B99A7C}.Debug|x86.Build.0 = Debug|Any CPU
		{5DA4CE6C-DE76-4007-81B4-4D9251B99A7C}.Release|Any CPU.ActiveCfg = Release|Any CPU
		{5DA4CE6C-DE76-4007-81B4-4D9251B99A7C}.Release|Any CPU.Build.0 = Release|Any CPU
		{5DA4CE6C-DE76-4007-81B4-4D9251B99A7C}.Release|ARM.ActiveCfg = Release|Any CPU
		{5DA4CE6C-DE76-4007-81B4-4D9251B99A7C}.Release|ARM.Build.0 = Release|Any CPU
		{5DA4CE6C-DE76-4007-81B4-4D9251B99A7C}.Release|ARM64.ActiveCfg = Release|Any CPU
		{5DA4CE6C-DE76-4007-81B4-4D9251B99A7C}.Release|ARM64.Build.0 = Release|Any CPU
		{5DA4CE6C-DE76-4007-81B4-4D9251B99A7C}.Release|x64.ActiveCfg = Release|Any CPU
		{5DA4CE6C-DE76-4007-81B4-4D9251B99A7C}.Release|x64.Build.0 = Release|Any CPU
		{5DA4CE6C-DE76-4007-81B4-4D9251B99A7C}.Release|x86.ActiveCfg = Release|Any CPU
		{5DA4CE6C-DE76-4007-81B4-4D9251B99A7C}.Release|x86.Build.0 = Release|Any CPU
		{8F6901EB-D023-4BF4-BD09-983F1C8C2C38}.Debug|Any CPU.ActiveCfg = Debug|Any CPU
		{8F6901EB-D023-4BF4-BD09-983F1C8C2C38}.Debug|Any CPU.Build.0 = Debug|Any CPU
		{8F6901EB-D023-4BF4-BD09-983F1C8C2C38}.Debug|ARM.ActiveCfg = Debug|Any CPU
		{8F6901EB-D023-4BF4-BD09-983F1C8C2C38}.Debug|ARM.Build.0 = Debug|Any CPU
		{8F6901EB-D023-4BF4-BD09-983F1C8C2C38}.Debug|ARM64.ActiveCfg = Debug|Any CPU
		{8F6901EB-D023-4BF4-BD09-983F1C8C2C38}.Debug|ARM64.Build.0 = Debug|Any CPU
		{8F6901EB-D023-4BF4-BD09-983F1C8C2C38}.Debug|x64.ActiveCfg = Debug|Any CPU
		{8F6901EB-D023-4BF4-BD09-983F1C8C2C38}.Debug|x64.Build.0 = Debug|Any CPU
		{8F6901EB-D023-4BF4-BD09-983F1C8C2C38}.Debug|x86.ActiveCfg = Debug|Any CPU
		{8F6901EB-D023-4BF4-BD09-983F1C8C2C38}.Debug|x86.Build.0 = Debug|Any CPU
		{8F6901EB-D023-4BF4-BD09-983F1C8C2C38}.Release|Any CPU.ActiveCfg = Release|Any CPU
		{8F6901EB-D023-4BF4-BD09-983F1C8C2C38}.Release|Any CPU.Build.0 = Release|Any CPU
		{8F6901EB-D023-4BF4-BD09-983F1C8C2C38}.Release|ARM.ActiveCfg = Release|Any CPU
		{8F6901EB-D023-4BF4-BD09-983F1C8C2C38}.Release|ARM.Build.0 = Release|Any CPU
		{8F6901EB-D023-4BF4-BD09-983F1C8C2C38}.Release|ARM64.ActiveCfg = Release|Any CPU
		{8F6901EB-D023-4BF4-BD09-983F1C8C2C38}.Release|ARM64.Build.0 = Release|Any CPU
		{8F6901EB-D023-4BF4-BD09-983F1C8C2C38}.Release|x64.ActiveCfg = Release|Any CPU
		{8F6901EB-D023-4BF4-BD09-983F1C8C2C38}.Release|x64.Build.0 = Release|Any CPU
		{8F6901EB-D023-4BF4-BD09-983F1C8C2C38}.Release|x86.ActiveCfg = Release|Any CPU
		{8F6901EB-D023-4BF4-BD09-983F1C8C2C38}.Release|x86.Build.0 = Release|Any CPU
		{A235EA10-D6B2-4BE2-AFDB-2BDCF2ED47E1}.Debug|Any CPU.ActiveCfg = Debug|Any CPU
		{A235EA10-D6B2-4BE2-AFDB-2BDCF2ED47E1}.Debug|Any CPU.Build.0 = Debug|Any CPU
		{A235EA10-D6B2-4BE2-AFDB-2BDCF2ED47E1}.Debug|ARM.ActiveCfg = Debug|ARM
		{A235EA10-D6B2-4BE2-AFDB-2BDCF2ED47E1}.Debug|ARM.Build.0 = Debug|ARM
		{A235EA10-D6B2-4BE2-AFDB-2BDCF2ED47E1}.Debug|ARM64.ActiveCfg = Debug|ARM64
		{A235EA10-D6B2-4BE2-AFDB-2BDCF2ED47E1}.Debug|ARM64.Build.0 = Debug|ARM64
		{A235EA10-D6B2-4BE2-AFDB-2BDCF2ED47E1}.Debug|x64.ActiveCfg = Debug|x64
		{A235EA10-D6B2-4BE2-AFDB-2BDCF2ED47E1}.Debug|x64.Build.0 = Debug|x64
		{A235EA10-D6B2-4BE2-AFDB-2BDCF2ED47E1}.Debug|x86.ActiveCfg = Debug|x86
		{A235EA10-D6B2-4BE2-AFDB-2BDCF2ED47E1}.Debug|x86.Build.0 = Debug|x86
		{A235EA10-D6B2-4BE2-AFDB-2BDCF2ED47E1}.Release|Any CPU.ActiveCfg = Release|Any CPU
		{A235EA10-D6B2-4BE2-AFDB-2BDCF2ED47E1}.Release|Any CPU.Build.0 = Release|Any CPU
		{A235EA10-D6B2-4BE2-AFDB-2BDCF2ED47E1}.Release|ARM.ActiveCfg = Release|ARM
		{A235EA10-D6B2-4BE2-AFDB-2BDCF2ED47E1}.Release|ARM.Build.0 = Release|ARM
		{A235EA10-D6B2-4BE2-AFDB-2BDCF2ED47E1}.Release|ARM64.ActiveCfg = Release|ARM64
		{A235EA10-D6B2-4BE2-AFDB-2BDCF2ED47E1}.Release|ARM64.Build.0 = Release|ARM64
		{A235EA10-D6B2-4BE2-AFDB-2BDCF2ED47E1}.Release|x64.ActiveCfg = Release|x64
		{A235EA10-D6B2-4BE2-AFDB-2BDCF2ED47E1}.Release|x64.Build.0 = Release|x64
		{A235EA10-D6B2-4BE2-AFDB-2BDCF2ED47E1}.Release|x86.ActiveCfg = Release|x86
		{A235EA10-D6B2-4BE2-AFDB-2BDCF2ED47E1}.Release|x86.Build.0 = Release|x86
	EndGlobalSection
	GlobalSection(SolutionProperties) = preSolution
		HideSolutionNode = FALSE
	EndGlobalSection
	GlobalSection(NestedProjects) = preSolution
		{3B1E2B28-F77D-4AD4-8EF3-C47F103AD9B1} = {506EDC14-C469-42BE-A99A-F272169F9E63}
		{8F6901EB-D023-4BF4-BD09-983F1C8C2C38} = {54C17E21-2943-493E-AF88-D925BBB53A31}
		{A235EA10-D6B2-4BE2-AFDB-2BDCF2ED47E1} = {506EDC14-C469-42BE-A99A-F272169F9E63}
	EndGlobalSection
	GlobalSection(ExtensibilityGlobals) = postSolution
		SolutionGuid = {1FD37904-4030-4BF0-854D-07D86EC7CFEF}
	EndGlobalSection
EndGlobal
