
Microsoft Visual Studio Solution File, Format Version 12.00
# Visual Studio 15
VisualStudioVersion = 15.0.28307.489
MinimumVisualStudioVersion = 10.0.40219.1
Project("{FAE04EC0-301F-11D3-BF4B-00C04F79EFBC}") = "D328.WPF", "D328.WPF\D328.WPF.csproj", "{D897BBF4-38FF-406C-8E00-B5088D3F6C9A}"
EndProject
Project("{9A19103F-16F7-4668-BE54-9A1E7A4F7556}") = "D328.Domain", "D328.Domain\D328.Domain.csproj", "{B0B5E3C1-CE44-44D1-A891-88C565BFDACD}"
EndProject
Global
	GlobalSection(SolutionConfigurationPlatforms) = preSolution
		Debug|Any CPU = Debug|Any CPU
		Release|Any CPU = Release|Any CPU
	EndGlobalSection
	GlobalSection(ProjectConfigurationPlatforms) = postSolution
		{D897BBF4-38FF-406C-8E00-B5088D3F6C9A}.Debug|Any CPU.ActiveCfg = Debug|Any CPU
		{D897BBF4-38FF-406C-8E00-B5088D3F6C9A}.Debug|Any CPU.Build.0 = Debug|Any CPU
		{D897BBF4-38FF-406C-8E00-B5088D3F6C9A}.Release|Any CPU.ActiveCfg = Release|Any CPU
		{D897BBF4-38FF-406C-8E00-B5088D3F6C9A}.Release|Any CPU.Build.0 = Release|Any CPU
		{B0B5E3C1-CE44-44D1-A891-88C565BFDACD}.Debug|Any CPU.ActiveCfg = Debug|Any CPU
		{B0B5E3C1-CE44-44D1-A891-88C565BFDACD}.Debug|Any CPU.Build.0 = Debug|Any CPU
		{B0B5E3C1-CE44-44D1-A891-88C565BFDACD}.Release|Any CPU.ActiveCfg = Release|Any CPU
		{B0B5E3C1-CE44-44D1-A891-88C565BFDACD}.Release|Any CPU.Build.0 = Release|Any CPU
	EndGlobalSection
	GlobalSection(SolutionProperties) = preSolution
		HideSolutionNode = FALSE
	EndGlobalSection
	GlobalSection(ExtensibilityGlobals) = postSolution
		SolutionGuid = {EB026491-AF19-441A-BDC7-24FFD346C5E3}
	EndGlobalSection
EndGlobal
